{
  "name": "rh_qualidade",
  "lockfileVersion": 3,
  "requires": true,
  "packages": {
    "": {
      "dependencies": {
        "@fullcalendar/core": "^5.11.5",
        "@fullcalendar/daygrid": "^5.11.5",
        "simple-calendar": "^1.0.0",
        "tui-calendar": "^1.15.3"
      }
    },
    "node_modules/@fullcalendar/common": {
      "version": "5.11.5",
      "resolved": "https://registry.npmjs.org/@fullcalendar/common/-/common-5.11.5.tgz",
      "integrity": "sha512-3iAYiUbHXhjSVXnYWz27Od2cslztUPsOwiwKlfGvQxBixv2Kl6a8IPwaijKFYJHXdwYmfPoEgK7rvqAGVoIYwA==",
      "dependencies": {
        "tslib": "^2.1.0"
      }
    },
    "node_modules/@fullcalendar/core": {
      "version": "5.11.5",
      "resolved": "https://registry.npmjs.org/@fullcalendar/core/-/core-5.11.5.tgz",
      "integrity": "sha512-M/WQuq1+uUHxFDEIu2ib/aaPZ70VsRk2ITECo/WCLSLTVWcHPXwEg83reyP3G8JrMM4gRL4vScEHhX0U5aoNSw==",
      "dependencies": {
        "@fullcalendar/common": "~5.11.5",
        "preact": "~10.12.1",
        "tslib": "^2.1.0"
      }
    },
    "node_modules/@fullcalendar/daygrid": {
      "version": "5.11.5",
      "resolved": "https://registry.npmjs.org/@fullcalendar/daygrid/-/daygrid-5.11.5.tgz",
      "integrity": "sha512-hMpq0U3Nucys2jDD+crbkJCr+tVt3fDw04OE3fbpisuzqtrHxIzRmnUOdbWUjJQyToAAkt7UVUQ9E7hYdmvyGA==",
      "dependencies": {
        "@fullcalendar/common": "~5.11.5",
        "tslib": "^2.1.0"
      }
    },
    "node_modules/dompurify": {
      "version": "2.5.8",
      "resolved": "https://registry.npmjs.org/dompurify/-/dompurify-2.5.8.tgz",
      "integrity": "sha512-o1vSNgrmYMQObbSSvF/1brBYEQPHhV1+gsmrusO7/GXtp1T9rCS8cXFqVxK/9crT1jA6Ccv+5MTSjBNqr7Sovw=="
    },
    "node_modules/preact": {
      "version": "10.12.1",
      "resolved": "https://registry.npmjs.org/preact/-/preact-10.12.1.tgz",
      "integrity": "sha512-l8386ixSsBdbreOAkqtrwqHwdvR35ID8c3rKPa8lCWuO86dBi32QWHV4vfsZK1utLLFMvw+Z5Ad4XLkZzchscg==",
      "funding": {
        "type": "opencollective",
        "url": "https://opencollective.com/preact"
      }
    },
    "node_modules/simple-calendar": {
      "version": "1.0.0",
      "resolved": "https://registry.npmjs.org/simple-calendar/-/simple-calendar-1.0.0.tgz",
      "integrity": "sha512-hy8M8irBFXXGjiPTEA/4HWRUkm1gIyGmfWIVGE80dsGooZ6H1FFm247Cn9sxFpt0qP3XBcNWzaUQb79Kmr5g3w=="
    },
    "node_modules/tslib": {
      "version": "2.8.1",
      "resolved": "https://registry.npmjs.org/tslib/-/tslib-2.8.1.tgz",
      "integrity": "sha512-oJFu94HQb+KVduSUQL7wnpmqnfmLsOA/nAh6b6EH0wCEoK0/mPeXU6c3wKDV83MkOuHPRHtSXKKU99IBazS/2w=="
    },
    "node_modules/tui-calendar": {
      "version": "1.15.3",
      "resolved": "https://registry.npmjs.org/tui-calendar/-/tui-calendar-1.15.3.tgz",
      "integrity": "sha512-S+QxtSPunLUNIX/eHoHcBB9XlPVT15Wh6ItR62n5K/Gq3WeSQdyhdbsuZJYV9z75bgJbFzp6x32v2yEPm6iWrg==",
      "dependencies": {
        "dompurify": "^2.3.1",
        "tui-code-snippet": "^1.5.0",
        "tui-date-picker": "^4.3.0",
        "tui-time-picker": "^2.1.4"
      }
    },
    "node_modules/tui-code-snippet": {
      "version": "1.5.2",
      "resolved": "https://registry.npmjs.org/tui-code-snippet/-/tui-code-snippet-1.5.2.tgz",
      "integrity": "sha512-6UqTlQaaC1KLcmC0HAoq5dtl1G4Fib+R+NC7pmaV7kiIlZ7JqKhUmnOoGRcreAyzd81UTK/vCvhrw9QJskpCFQ=="
    },
    "node_modules/tui-date-picker": {
      "version": "4.3.3",
      "resolved": "https://registry.npmjs.org/tui-date-picker/-/tui-date-picker-4.3.3.tgz",
      "integrity": "sha512-/2YoLnj5c1e+Ag1ZZYOgzEs2o0v7Ol7c5UAnBj438zGlkwkMxyH0HwP2pVqqIYX05WE7K0+6nTWVMybS8otBgw==",
      "dependencies": {
        "tui-time-picker": "^2.1.6"
      }
    },
    "node_modules/tui-time-picker": {
      "version": "2.1.6",
      "resolved": "https://registry.npmjs.org/tui-time-picker/-/tui-time-picker-2.1.6.tgz",
      "integrity": "sha512-4Jmo3wjGS+Ii4/qQgt5DaFEohHpB3U6BzWeTODVVFHD9sx3NOsbomY9K0xMobSLODi+tQEH7wfOtNU0IJmcQ6Q=="
    }
  }
}
